// !$*UTF8*$!
{
	archiveVersion = 1;
	classes = {
	};
	objectVersion = 55;
	objects = {

/* Begin PBXBuildFile section */
		CA738B3C28907FAE0023E22D /* AppDelegate.swift in Sources */ = {isa = PBXBuildFile; fileRef = CA738B3B28907FAE0023E22D /* AppDelegate.swift */; };
		CA738B3E28907FAE0023E22D /* SceneDelegate.swift in Sources */ = {isa = PBXBuildFile; fileRef = CA738B3D28907FAE0023E22D /* SceneDelegate.swift */; };
		CA738B4028907FAE0023E22D /* ViewController.swift in Sources */ = {isa = PBXBuildFile; fileRef = CA738B3F28907FAE0023E22D /* ViewController.swift */; };
		CA738B4328907FAE0023E22D /* Main.storyboard in Resources */ = {isa = PBXBuildFile; fileRef = CA738B4128907FAE0023E22D /* Main.storyboard */; };
		CA738B4528907FB00023E22D /* Assets.xcassets in Resources */ = {isa = PBXBuildFile; fileRef = CA738B4428907FB00023E22D /* Assets.xcassets */; };
		CA738B4828907FB00023E22D /* LaunchScreen.storyboard in Resources */ = {isa = PBXBuildFile; fileRef = CA738B4628907FB00023E22D /* LaunchScreen.storyboard */; };
		CA738B5328907FB00023E22D /* NewAppTests.swift in Sources */ = {isa = PBXBuildFile; fileRef = CA738B5228907FB00023E22D /* NewAppTests.swift */; };
		CA738B5D28907FB00023E22D /* NewAppUITests.swift in Sources */ = {isa = PBXBuildFile; fileRef = CA738B5C28907FB00023E22D /* NewAppUITests.swift */; };
		CA738B5F28907FB00023E22D /* NewAppUITestsLaunchTests.swift in Sources */ = {isa = PBXBuildFile; fileRef = CA738B5E28907FB00023E22D /* NewAppUITestsLaunchTests.swift */; };
		CA738B6C28909D7D0023E22D /* Main.storyboard in Resources */ = {isa = PBXBuildFile; fileRef = CA738B6B28909D7D0023E22D /* Main.storyboard */; };
/* End PBXBuildFile section */

/* Begin PBXContainerItemProxy section */
		CA738B4F28907FB00023E22D /* PBXContainerItemProxy */ = {
			isa = PBXContainerItemProxy;
			containerPortal = CA738B3028907FAE0023E22D /* Project object */;
			proxyType = 1;
			remoteGlobalIDString = CA738B3728907FAE0023E22D;
			remoteInfo = NewApp;
		};
		CA738B5928907FB00023E22D /* PBXContainerItemProxy */ = {
			isa = PBXContainerItemProxy;
			containerPortal = CA738B3028907FAE0023E22D /* Project object */;
			proxyType = 1;
			remoteGlobalIDString = CA738B3728907FAE0023E22D;
			remoteInfo = NewApp;
		};
/* End PBXContainerItemProxy section */

/* Begin PBXFileReference section */
		CA738B3828907FAE0023E22D /* NewApp.app */ = {isa = PBXFileReference; explicitFileType = wrapper.application; includeInIndex = 0; path = NewApp.app; sourceTree = BUILT_PRODUCTS_DIR; };
		CA738B3B28907FAE0023E22D /* AppDelegate.swift */ = {isa = PBXFileReference; lastKnownFileType = sourcecode.swift; path = AppDelegate.swift; sourceTree = "<group>"; };
		CA738B3D28907FAE0023E22D /* SceneDelegate.swift */ = {isa = PBXFileReference; lastKnownFileType = sourcecode.swift; path = SceneDelegate.swift; sourceTree = "<group>"; };
		CA738B3F28907FAE0023E22D /* ViewController.swift */ = {isa = PBXFileReference; lastKnownFileType = sourcecode.swift; path = ViewController.swift; sourceTree = "<group>"; };
		CA738B4228907FAE0023E22D /* Base */ = {isa = PBXFileReference; lastKnownFileType = file.storyboard; name = Base; path = Base.lproj/Main.storyboard; sourceTree = "<group>"; };
		CA738B4428907FB00023E22D /* Assets.xcassets */ = {isa = PBXFileReference; lastKnownFileType = folder.assetcatalog; path = Assets.xcassets; sourceTree = "<group>"; };
		CA738B4728907FB00023E22D /* Base */ = {isa = PBXFileReference; lastKnownFileType = file.storyboard; name = Base; path = Base.lproj/LaunchScreen.storyboard; sourceTree = "<group>"; };
		CA738B4928907FB00023E22D /* Info.plist */ = {isa = PBXFileReference; lastKnownFileType = text.plist.xml; path = Info.plist; sourceTree = "<group>"; };
		CA738B4E28907FB00023E22D /* NewAppTests.xctest */ = {isa = PBXFileReference; explicitFileType = wrapper.cfbundle; includeInIndex = 0; path = NewAppTests.xctest; sourceTree = BUILT_PRODUCTS_DIR; };
		CA738B5228907FB00023E22D /* NewAppTests.swift */ = {isa = PBXFileReference; lastKnownFileType = sourcecode.swift; path = NewAppTests.swift; sourceTree = "<group>"; };
		CA738B5828907FB00023E22D /* NewAppUITests.xctest */ = {isa = PBXFileReference; explicitFileType = wrapper.cfbundle; includeInIndex = 0; path = NewAppUITests.xctest; sourceTree = BUILT_PRODUCTS_DIR; };
		CA738B5C28907FB00023E22D /* NewAppUITests.swift */ = {isa = PBXFileReference; lastKnownFileType = sourcecode.swift; path = NewAppUITests.swift; sourceTree = "<group>"; };
		CA738B5E28907FB00023E22D /* NewAppUITestsLaunchTests.swift */ = {isa = PBXFileReference; lastKnownFileType = sourcecode.swift; path = NewAppUITestsLaunchTests.swift; sourceTree = "<group>"; };
		CA738B6B28909D7D0023E22D /* Main.storyboard */ = {isa = PBXFileReference; fileEncoding = 4; lastKnownFileType = file.storyboard; name = Main.storyboard; path = ../Main.storyboard; sourceTree = "<group>"; };
/* End PBXFileReference section */

/* Begin PBXFrameworksBuildPhase section */
		CA738B3528907FAE0023E22D /* Frameworks */ = {
			isa = PBXFrameworksBuildPhase;
			buildActionMask = 2147483647;
			files = (
			);
			runOnlyForDeploymentPostprocessing = 0;
		};
		CA738B4B28907FB00023E22D /* Frameworks */ = {
			isa = PBXFrameworksBuildPhase;
			buildActionMask = 2147483647;
			files = (
			);
			runOnlyForDeploymentPostprocessing = 0;
		};
		CA738B5528907FB00023E22D /* Frameworks */ = {
			isa = PBXFrameworksBuildPhase;
			buildActionMask = 2147483647;
			files = (
			);
			runOnlyForDeploymentPostprocessing = 0;
		};
/* End PBXFrameworksBuildPhase section */

/* Begin PBXGroup section */
		CA738B2F28907FAE0023E22D = {
			isa = PBXGroup;
			children = (
				CA738B6B28909D7D0023E22D /* Main.storyboard */,
				CA738B3A28907FAE0023E22D /* NewApp */,
				CA738B5128907FB00023E22D /* NewAppTests */,
				CA738B5B28907FB00023E22D /* NewAppUITests */,
				CA738B3928907FAE0023E22D /* Products */,
			);
			sourceTree = "<group>";
		};
		CA738B3928907FAE0023E22D /* Products */ = {
			isa = PBXGroup;
			children = (
				CA738B3828907FAE0023E22D /* NewApp.app */,
				CA738B4E28907FB00023E22D /* NewAppTests.xctest */,
				CA738B5828907FB00023E22D /* NewAppUITests.xctest */,
			);
			name = Products;
			sourceTree = "<group>";
		};
		CA738B3A28907FAE0023E22D /* NewApp */ = {
			isa = PBXGroup;
			children = (
				CA738B3B28907FAE0023E22D /* AppDelegate.swift */,
				CA738B3D28907FAE0023E22D /* SceneDelegate.swift */,
				CA738B3F28907FAE0023E22D /* ViewController.swift */,
				CA738B4128907FAE0023E22D /* Main.storyboard */,
				CA738B4428907FB00023E22D /* Assets.xcassets */,
				CA738B4628907FB00023E22D /* LaunchScreen.storyboard */,
				CA738B4928907FB00023E22D /* Info.plist */,
			);
			path = NewApp;
			sourceTree = "<group>";
		};
		CA738B5128907FB00023E22D /* NewAppTests */ = {
			isa = PBXGroup;
			children = (
				CA738B5228907FB00023E22D /* NewAppTests.swift */,
			);
			path = NewAppTests;
			sourceTree = "<group>";
		};
		CA738B5B28907FB00023E22D /* NewAppUITests */ = {
			isa = PBXGroup;
			children = (
				CA738B5C28907FB00023E22D /* NewAppUITests.swift */,
				CA738B5E28907FB00023E22D /* NewAppUITestsLaunchTests.swift */,
			);
			path = NewAppUITests;
			sourceTree = "<group>";
		};
/* End PBXGroup section */

/* Begin PBXNativeTarget section */
		CA738B3728907FAE0023E22D /* NewApp */ = {
			isa = PBXNativeTarget;
			buildConfigurationList = CA738B6228907FB00023E22D /* Build configuration list for PBXNativeTarget "NewApp" */;
			buildPhases = (
				CA738B3428907FAE0023E22D /* Sources */,
				CA738B3528907FAE0023E22D /* Frameworks */,
				CA738B3628907FAE0023E22D /* Resources */,
			);
			buildRules = (
			);
			dependencies = (
			);
			name = NewApp;
			productName = NewApp;
			productReference = CA738B3828907FAE0023E22D /* NewApp.app */;
			productType = "com.apple.product-type.application";
		};
		CA738B4D28907FB00023E22D /* NewAppTests */ = {
			isa = PBXNativeTarget;
			buildConfigurationList = CA738B6528907FB00023E22D /* Build configuration list for PBXNativeTarget "NewAppTests" */;
			buildPhases = (
				CA738B4A28907FB00023E22D /* Sources */,
				CA738B4B28907FB00023E22D /* Frameworks */,
				CA738B4C28907FB00023E22D /* Resources */,
			);
			buildRules = (
			);
			dependencies = (
				CA738B5028907FB00023E22D /* PBXTargetDependency */,
			);
			name = NewAppTests;
			productName = NewAppTests;
			productReference = CA738B4E28907FB00023E22D /* NewAppTests.xctest */;
			productType = "com.apple.product-type.bundle.unit-test";
		};
		CA738B5728907FB00023E22D /* NewAppUITests */ = {
			isa = PBXNativeTarget;
			buildConfigurationList = CA738B6828907FB00023E22D /* Build configuration list for PBXNativeTarget "NewAppUITests" */;
			buildPhases = (
				CA738B5428907FB00023E22D /* Sources */,
				CA738B5528907FB00023E22D /* Frameworks */,
				CA738B5628907FB00023E22D /* Resources */,
			);
			buildRules = (
			);
			dependencies = (
				CA738B5A28907FB00023E22D /* PBXTargetDependency */,
			);
			name = NewAppUITests;
			productName = NewAppUITests;
			productReference = CA738B5828907FB00023E22D /* NewAppUITests.xctest */;
			productType = "com.apple.product-type.bundle.ui-testing";
		};
/* End PBXNativeTarget section */

/* Begin PBXProject section */
		CA738B3028907FAE0023E22D /* Project object */ = {
			isa = PBXProject;
			attributes = {
				BuildIndependentTargetsInParallel = 1;
				LastSwiftUpdateCheck = 1340;
				LastUpgradeCheck = 1340;
				TargetAttributes = {
					CA738B3728907FAE0023E22D = {
						CreatedOnToolsVersion = 13.4.1;
					};
					CA738B4D28907FB00023E22D = {
						CreatedOnToolsVersion = 13.4.1;
						TestTargetID = CA738B3728907FAE0023E22D;
					};
					CA738B5728907FB00023E22D = {
						CreatedOnToolsVersion = 13.4.1;
						TestTargetID = CA738B3728907FAE0023E22D;
					};
				};
			};
			buildConfigurationList = CA738B3328907FAE0023E22D /* Build configuration list for PBXProject "NewApp" */;
			compatibilityVersion = "Xcode 13.0";
			developmentRegion = en;
			hasScannedForEncodings = 0;
			knownRegions = (
				en,
				Base,
			);
			mainGroup = CA738B2F28907FAE0023E22D;
			productRefGroup = CA738B3928907FAE0023E22D /* Products */;
			projectDirPath = "";
			projectRoot = "";
			targets = (
				CA738B3728907FAE0023E22D /* NewApp */,
				CA738B4D28907FB00023E22D /* NewAppTests */,
				CA738B5728907FB00023E22D /* NewAppUITests */,
			);
		};
/* End PBXProject section */

/* Begin PBXResourcesBuildPhase section */
		CA738B3628907FAE0023E22D /* Resources */ = {
			isa = PBXResourcesBuildPhase;
			buildActionMask = 2147483647;
			files = (
				CA738B4828907FB00023E22D /* LaunchScreen.storyboard in Resources */,
				CA738B4528907FB00023E22D /* Assets.xcassets in Resources */,
				CA738B4328907FAE0023E22D /* Main.storyboard in Resources */,
				CA738B6C28909D7D0023E22D /* Main.storyboard in Resources */,
			);
			runOnlyForDeploymentPostprocessing = 0;
		};
		CA738B4C28907FB00023E22D /* Resources */ = {
			isa = PBXResourcesBuildPhase;
			buildActionMask = 2147483647;
			files = (
			);
			runOnlyForDeploymentPostprocessing = 0;
		};
		CA738B5628907FB00023E22D /* Resources */ = {
			isa = PBXResourcesBuildPhase;
			buildActionMask = 2147483647;
			files = (
			);
			runOnlyForDeploymentPostprocessing = 0;
		};
/* End PBXResourcesBuildPhase section */

/* Begin PBXSourcesBuildPhase section */
		CA738B3428907FAE0023E22D /* Sources */ = {
			isa = PBXSourcesBuildPhase;
			buildActionMask = 2147483647;
			files = (
				CA738B4028907FAE0023E22D /* ViewController.swift in Sources */,
				CA738B3C28907FAE0023E22D /* AppDelegate.swift in Sources */,
				CA738B3E28907FAE0023E22D /* SceneDelegate.swift in Sources */,
			);
			runOnlyForDeploymentPostprocessing = 0;
		};
		CA738B4A28907FB00023E22D /* Sources */ = {
			isa = PBXSourcesBuildPhase;
			buildActionMask = 2147483647;
			files = (
				CA738B5328907FB00023E22D /* NewAppTests.swift in Sources */,
			);
			runOnlyForDeploymentPostprocessing = 0;
		};
		CA738B5428907FB00023E22D /* Sources */ = {
			isa = PBXSourcesBuildPhase;
			buildActionMask = 2147483647;
			files = (
				CA738B5D28907FB00023E22D /* NewAppUITests.swift in Sources */,
				CA738B5F28907FB00023E22D /* NewAppUITestsLaunchTests.swift in Sources */,
			);
			runOnlyForDeploymentPostprocessing = 0;
		};
/* End PBXSourcesBuildPhase section */

/* Begin PBXTargetDependency section */
		CA738B5028907FB00023E22D /* PBXTargetDependency */ = {
			isa = PBXTargetDependency;
			target = CA738B3728907FAE0023E22D /* NewApp */;
			targetProxy = CA738B4F28907FB00023E22D /* PBXContainerItemProxy */;
		};
		CA738B5A28907FB00023E22D /* PBXTargetDependency */ = {
			isa = PBXTargetDependency;
			target = CA738B3728907FAE0023E22D /* NewApp */;
			targetProxy = CA738B5928907FB00023E22D /* PBXContainerItemProxy */;
		};
/* End PBXTargetDependency section */

/* Begin PBXVariantGroup section */
		CA738B4128907FAE0023E22D /* Main.storyboard */ = {
			isa = PBXVariantGroup;
			children = (
				CA738B4228907FAE0023E22D /* Base */,
			);
			name = Main.storyboard;
			sourceTree = "<group>";
		};
		CA738B4628907FB00023E22D /* LaunchScreen.storyboard */ = {
			isa = PBXVariantGroup;
			children = (
				CA738B4728907FB00023E22D /* Base */,
			);
			name = LaunchScreen.storyboard;
			sourceTree = "<group>";
		};
/* End PBXVariantGroup section */

/* Begin XCBuildConfiguration section */
		CA738B6028907FB00023E22D /* Debug */ = {
			isa = XCBuildConfiguration;
			buildSettings = {
				ALWAYS_SEARCH_USER_PATHS = NO;
				CLANG_ANALYZER_NONNULL = YES;
				CLANG_ANALYZER_NUMBER_OBJECT_CONVERSION = YES_AGGRESSIVE;
				CLANG_CXX_LANGUAGE_STANDARD = "gnu++17";
				CLANG_ENABLE_MODULES = YES;
				CLANG_ENABLE_OBJC_ARC = YES;
				CLANG_ENABLE_OBJC_WEAK = YES;
				CLANG_WARN_BLOCK_CAPTURE_AUTORELEASING = YES;
				CLANG_WARN_BOOL_CONVERSION = YES;
				CLANG_WARN_COMMA = YES;
				CLANG_WARN_CONSTANT_CONVERSION = YES;
				CLANG_WARN_DEPRECATED_OBJC_IMPLEMENTATIONS = YES;
				CLANG_WARN_DIRECT_OBJC_ISA_USAGE = YES_ERROR;
				CLANG_WARN_DOCUMENTATION_COMMENTS = YES;
				CLANG_WARN_EMPTY_BODY = YES;
				CLANG_WARN_ENUM_CONVERSION = YES;
				CLANG_WARN_INFINITE_RECURSION = YES;
				CLANG_WARN_INT_CONVERSION = YES;
				CLANG_WARN_NON_LITERAL_NULL_CONVERSION = YES;
				CLANG_WARN_OBJC_IMPLICIT_RETAIN_SELF = YES;
				CLANG_WARN_OBJC_LITERAL_CONVERSION = YES;
				CLANG_WARN_OBJC_ROOT_CLASS = YES_ERROR;
				CLANG_WARN_QUOTED_INCLUDE_IN_FRAMEWORK_HEADER = YES;
				CLANG_WARN_RANGE_LOOP_ANALYSIS = YES;
				CLANG_WARN_STRICT_PROTOTYPES = YES;
				CLANG_WARN_SUSPICIOUS_MOVE = YES;
				CLANG_WARN_UNGUARDED_AVAILABILITY = YES_AGGRESSIVE;
				CLANG_WARN_UNREACHABLE_CODE = YES;
				CLANG_WARN__DUPLICATE_METHOD_MATCH = YES;
				COPY_PHASE_STRIP = NO;
				DEBUG_INFORMATION_FORMAT = dwarf;
				ENABLE_STRICT_OBJC_MSGSEND = YES;
				ENABLE_TESTABILITY = YES;
				GCC_C_LANGUAGE_STANDARD = gnu11;
				GCC_DYNAMIC_NO_PIC = NO;
				GCC_NO_COMMON_BLOCKS = YES;
				GCC_OPTIMIZATION_LEVEL = 0;
				GCC_PREPROCESSOR_DEFINITIONS = (
					"DEBUG=1",
					"$(inherited)",
				);
				GCC_WARN_64_TO_32_BIT_CONVERSION = YES;
				GCC_WARN_ABOUT_RETURN_TYPE = YES_ERROR;
				GCC_WARN_UNDECLARED_SELECTOR = YES;
				GCC_WARN_UNINITIALIZED_AUTOS = YES_AGGRESSIVE;
				GCC_WARN_UNUSED_FUNCTION = YES;
				GCC_WARN_UNUSED_VARIABLE = YES;
				IPHONEOS_DEPLOYMENT_TARGET = 15.5;
				MTL_ENABLE_DEBUG_INFO = INCLUDE_SOURCE;
				MTL_FAST_MATH = YES;
				ONLY_ACTIVE_ARCH = YES;
				SDKROOT = iphoneos;
				SWIFT_ACTIVE_COMPILATION_CONDITIONS = DEBUG;
				SWIFT_OPTIMIZATION_LEVEL = "-Onone";
			};
			name = Debug;
		};
		CA738B6128907FB00023E22D /* Release */ = {
			isa = XCBuildConfiguration;
			buildSettings = {
				ALWAYS_SEARCH_USER_PATHS = NO;
				CLANG_ANALYZER_NONNULL = YES;
				CLANG_ANALYZER_NUMBER_OBJECT_CONVERSION = YES_AGGRESSIVE;
				CLANG_CXX_LANGUAGE_STANDARD = "gnu++17";
				CLANG_ENABLE_MODULES = YES;
				CLANG_ENABLE_OBJC_ARC = YES;
				CLANG_ENABLE_OBJC_WEAK = YES;
				CLANG_WARN_BLOCK_CAPTURE_AUTORELEASING = YES;
				CLANG_WARN_BOOL_CONVERSION = YES;
				CLANG_WARN_COMMA = YES;
				CLANG_WARN_CONSTANT_CONVERSION = YES;
				CLANG_WARN_DEPRECATED_OBJC_IMPLEMENTATIONS = YES;
				CLANG_WARN_DIRECT_OBJC_ISA_USAGE = YES_ERROR;
				CLANG_WARN_DOCUMENTATION_COMMENTS = YES;
				CLANG_WARN_EMPTY_BODY = YES;
				CLANG_WARN_ENUM_CONVERSION = YES;
				CLANG_WARN_INFINITE_RECURSION = YES;
				CLANG_WARN_INT_CONVERSION = YES;
				CLANG_WARN_NON_LITERAL_NULL_CONVERSION = YES;
				CLANG_WARN_OBJC_IMPLICIT_RETAIN_SELF = YES;
				CLANG_WARN_OBJC_LITERAL_CONVERSION = YES;
				CLANG_WARN_OBJC_ROOT_CLASS = YES_ERROR;
				CLANG_WARN_QUOTED_INCLUDE_IN_FRAMEWORK_HEADER = YES;
				CLANG_WARN_RANGE_LOOP_ANALYSIS = YES;
				CLANG_WARN_STRICT_PROTOTYPES = YES;
				CLANG_WARN_SUSPICIOUS_MOVE = YES;
				CLANG_WARN_UNGUARDED_AVAILABILITY = YES_AGGRESSIVE;
				CLANG_WARN_UNREACHABLE_CODE = YES;
				CLANG_WARN__DUPLICATE_METHOD_MATCH = YES;
				COPY_PHASE_STRIP = NO;
				DEBUG_INFORMATION_FORMAT = "dwarf-with-dsym";
				ENABLE_NS_ASSERTIONS = NO;
				ENABLE_STRICT_OBJC_MSGSEND = YES;
				GCC_C_LANGUAGE_STANDARD = gnu11;
				GCC_NO_COMMON_BLOCKS = YES;
				GCC_WARN_64_TO_32_BIT_CONVERSION = YES;
				GCC_WARN_ABOUT_RETURN_TYPE = YES_ERROR;
				GCC_WARN_UNDECLARED_SELECTOR = YES;
				GCC_WARN_UNINITIALIZED_AUTOS = YES_AGGRESSIVE;
				GCC_WARN_UNUSED_FUNCTION = YES;
				GCC_WARN_UNUSED_VARIABLE = YES;
				IPHONEOS_DEPLOYMENT_TARGET = 15.5;
				MTL_ENABLE_DEBUG_INFO = NO;
				MTL_FAST_MATH = YES;
				SDKROOT = iphoneos;
				SWIFT_COMPILATION_MODE = wholemodule;
				SWIFT_OPTIMIZATION_LEVEL = "-O";
				VALIDATE_PRODUCT = YES;
			};
			name = Release;
		};
		CA738B6328907FB00023E22D /* Debug */ = {
			isa = XCBuildConfiguration;
			buildSettings = {
				ASSETCATALOG_COMPILER_APPICON_NAME = AppIcon;
				ASSETCATALOG_COMPILER_GLOBAL_ACCENT_COLOR_NAME = AccentColor;
				CODE_SIGN_STYLE = Automatic;
				CURRENT_PROJECT_VERSION = 1;
				GENERATE_INFOPLIST_FILE = YES;
				INFOPLIST_FILE = NewApp/Info.plist;
				INFOPLIST_KEY_UIApplicationSupportsIndirectInputEvents = YES;
				INFOPLIST_KEY_UILaunchStoryboardName = LaunchScreen;
				INFOPLIST_KEY_UIMainStoryboardFile = Main;
				INFOPLIST_KEY_UISupportedInterfaceOrientations_iPad = "UIInterfaceOrientationPortrait UIInterfaceOrientationPortraitUpsideDown UIInterfaceOrientationLandscapeLeft UIInterfaceOrientationLandscapeRight";
				INFOPLIST_KEY_UISupportedInterfaceOrientations_iPhone = "UIInterfaceOrientationPortrait UIInterfaceOrientationLandscapeLeft UIInterfaceOrientationLandscapeRight";
				LD_RUNPATH_SEARCH_PATHS = (
					"$(inherited)",
					"@executable_path/Frameworks",
				);
				MARKETING_VERSION = 1.0;
				PRODUCT_BUNDLE_IDENTIFIER = test.NewApp;
				PRODUCT_NAME = "$(TARGET_NAME)";
				SWIFT_EMIT_LOC_STRINGS = YES;
				SWIFT_VERSION = 5.0;
				TARGETED_DEVICE_FAMILY = "1,2";
			};
			name = Debug;
		};
		CA738B6428907FB00023E22D /* Release */ = {
			isa = XCBuildConfiguration;
			buildSettings = {
				ASSETCATALOG_COMPILER_APPICON_NAME = AppIcon;
				ASSETCATALOG_COMPILER_GLOBAL_ACCENT_COLOR_NAME = AccentColor;
				CODE_SIGN_STYLE = Automatic;
				CURRENT_PROJECT_VERSION = 1;
				GENERATE_INFOPLIST_FILE = YES;
				INFOPLIST_FILE = NewApp/Info.plist;
				INFOPLIST_KEY_UIApplicationSupportsIndirectInputEvents = YES;
				INFOPLIST_KEY_UILaunchStoryboardName = LaunchScreen;
				INFOPLIST_KEY_UIMainStoryboardFile = Main;
				INFOPLIST_KEY_UISupportedInterfaceOrientations_iPad = "UIInterfaceOrientationPortrait UIInterfaceOrientationPortraitUpsideDown UIInterfaceOrientationLandscapeLeft UIInterfaceOrientationLandscapeRight";
				INFOPLIST_KEY_UISupportedInterfaceOrientations_iPhone = "UIInterfaceOrientationPortrait UIInterfaceOrientationLandscapeLeft UIInterfaceOrientationLandscapeRight";
				LD_RUNPATH_SEARCH_PATHS = (
					"$(inherited)",
					"@executable_path/Frameworks",
				);
				MARKETING_VERSION = 1.0;
				PRODUCT_BUNDLE_IDENTIFIER = test.NewApp;
				PRODUCT_NAME = "$(TARGET_NAME)";
				SWIFT_EMIT_LOC_STRINGS = YES;
				SWIFT_VERSION = 5.0;
				TARGETED_DEVICE_FAMILY = "1,2";
			};
			name = Release;
		};
		CA738B6628907FB00023E22D /* Debug */ = {
			isa = XCBuildConfiguration;
			buildSettings = {
				ALWAYS_EMBED_SWIFT_STANDARD_LIBRARIES = YES;
				BUNDLE_LOADER = "$(TEST_HOST)";
				CODE_SIGN_STYLE = Automatic;
				CURRENT_PROJECT_VERSION = 1;
				GENERATE_INFOPLIST_FILE = YES;
				IPHONEOS_DEPLOYMENT_TARGET = 15.5;
				MARKETING_VERSION = 1.0;
				PRODUCT_BUNDLE_IDENTIFIER = test.NewAppTests;
				PRODUCT_NAME = "$(TARGET_NAME)";
				SWIFT_EMIT_LOC_STRINGS = NO;
				SWIFT_VERSION = 5.0;
				TARGETED_DEVICE_FAMILY = "1,2";
				TEST_HOST = "$(BUILT_PRODUCTS_DIR)/NewApp.app/NewApp";
			};
			name = Debug;
		};
		CA738B6728907FB00023E22D /* Release */ = {
			isa = XCBuildConfiguration;
			buildSettings = {
				ALWAYS_EMBED_SWIFT_STANDARD_LIBRARIES = YES;
				BUNDLE_LOADER = "$(TEST_HOST)";
				CODE_SIGN_STYLE = Automatic;
				CURRENT_PROJECT_VERSION = 1;
				GENERATE_INFOPLIST_FILE = YES;
				IPHONEOS_DEPLOYMENT_TARGET = 15.5;
				MARKETING_VERSION = 1.0;
				PRODUCT_BUNDLE_IDENTIFIER = test.NewAppTests;
				PRODUCT_NAME = "$(TARGET_NAME)";
				SWIFT_EMIT_LOC_STRINGS = NO;
				SWIFT_VERSION = 5.0;
				TARGETED_DEVICE_FAMILY = "1,2";
				TEST_HOST = "$(BUILT_PRODUCTS_DIR)/NewApp.app/NewApp";
			};
			name = Release;
		};
		CA738B6928907FB00023E22D /* Debug */ = {
			isa = XCBuildConfiguration;
			buildSettings = {
				ALWAYS_EMBED_SWIFT_STANDARD_LIBRARIES = YES;
				CODE_SIGN_STYLE = Automatic;
				CURRENT_PROJECT_VERSION = 1;
				GENERATE_INFOPLIST_FILE = YES;
				MARKETING_VERSION = 1.0;
				PRODUCT_BUNDLE_IDENTIFIER = test.NewAppUITests;
				PRODUCT_NAME = "$(TARGET_NAME)";
				SWIFT_EMIT_LOC_STRINGS = NO;
				SWIFT_VERSION = 5.0;
				TARGETED_DEVICE_FAMILY = "1,2";
				TEST_TARGET_NAME = NewApp;
			};
			name = Debug;
		};
		CA738B6A28907FB00023E22D /* Release */ = {
			isa = XCBuildConfiguration;
			buildSettings = {
				ALWAYS_EMBED_SWIFT_STANDARD_LIBRARIES = YES;
				CODE_SIGN_STYLE = Automatic;
				CURRENT_PROJECT_VERSION = 1;
				GENERATE_INFOPLIST_FILE = YES;
				MARKETING_VERSION = 1.0;
				PRODUCT_BUNDLE_IDENTIFIER = test.NewAppUITests;
				PRODUCT_NAME = "$(TARGET_NAME)";
				SWIFT_EMIT_LOC_STRINGS = NO;
				SWIFT_VERSION = 5.0;
				TARGETED_DEVICE_FAMILY = "1,2";
				TEST_TARGET_NAME = NewApp;
			};
			name = Release;
		};
/* End XCBuildConfiguration section */

/* Begin XCConfigurationList section */
		CA738B3328907FAE0023E22D /* Build configuration list for PBXProject "NewApp" */ = {
			isa = XCConfigurationList;
			buildConfigurations = (
				CA738B6028907FB00023E22D /* Debug */,
				CA738B6128907FB00023E22D /* Release */,
			);
			defaultConfigurationIsVisible = 0;
			defaultConfigurationName = Release;
		};
		CA738B6228907FB00023E22D /* Build configuration list for PBXNativeTarget "NewApp" */ = {
			isa = XCConfigurationList;
			buildConfigurations = (
				CA738B6328907FB00023E22D /* Debug */,
				CA738B6428907FB00023E22D /* Release */,
			);
			defaultConfigurationIsVisible = 0;
			defaultConfigurationName = Release;
		};
		CA738B6528907FB00023E22D /* Build configuration list for PBXNativeTarget "NewAppTests" */ = {
			isa = XCConfigurationList;
			buildConfigurations = (
				CA738B6628907FB00023E22D /* Debug */,
				CA738B6728907FB00023E22D /* Release */,
			);
			defaultConfigurationIsVisible = 0;
			defaultConfigurationName = Release;
		};
		CA738B6828907FB00023E22D /* Build configuration list for PBXNativeTarget "NewAppUITests" */ = {
			isa = XCConfigurationList;
			buildConfigurations = (
				CA738B6928907FB00023E22D /* Debug */,
				CA738B6A28907FB00023E22D /* Release */,
			);
			defaultConfigurationIsVisible = 0;
			defaultConfigurationName = Release;
		};
/* End XCConfigurationList section */
	};
	rootObject = CA738B3028907FAE0023E22D /* Project object */;
}
